
Microsoft Visual Studio Solution File, Format Version 12.00
# Visual Studio Version 16
VisualStudioVersion = 16.0.31019.35
MinimumVisualStudioVersion = 10.0.40219.1
Project("{FAE04EC0-301F-11D3-BF4B-00C04F79EFBC}") = "FinancialAdvisorWebApp", "FinancialAdvisorWebApp\FinancialAdvisorWebApp.csproj", "{457B2559-4BD8-4BCE-8603-E88EE2B23D12}"
EndProject
Global
	GlobalSection(SolutionConfigurationPlatforms) = preSolution
		Debug|Any CPU = Debug|Any CPU
		Release|Any CPU = Release|Any CPU
	EndGlobalSection
	GlobalSection(ProjectConfigurationPlatforms) = postSolution
		{457B2559-4BD8-4BCE-8603-E88EE2B23D12}.Debug|Any CPU.ActiveCfg = Debug|Any CPU
		{457B2559-4BD8-4BCE-8603-E88EE2B23D12}.Debug|Any CPU.Build.0 = Debug|Any CPU
		{457B2559-4BD8-4BCE-8603-E88EE2B23D12}.Release|Any CPU.ActiveCfg = Release|Any CPU
		{457B2559-4BD8-4BCE-8603-E88EE2B23D12}.Release|Any CPU.Build.0 = Release|Any CPU
	EndGlobalSection
	GlobalSection(SolutionProperties) = preSolution
		HideSolutionNode = FALSE
	EndGlobalSection
	GlobalSection(ExtensibilityGlobals) = postSolution
		SolutionGuid = {B952687B-BBEA-4647-840E-0EF4217D6DFC}
	EndGlobalSection
EndGlobal
